
Microsoft Visual Studio Solution File, Format Version 12.00
# Visual Studio Version 17
VisualStudioVersion = 17.11.35222.181
MinimumVisualStudioVersion = 10.0.40219.1
Project("{9A19103F-16F7-4668-BE54-9A1E7A4F7556}") = "Du.Core", "Framework\Du.Core\Du.Core.csproj", "{E3C903FB-459E-4368-B067-719C70D3DE1D}"
EndProject
Project("{2150E333-8FDC-42A3-9474-1A3956D46DE8}") = "Framework", "Framework", "{9A98F4CB-7468-401F-A07C-1BAB84CD7D3C}"
EndProject
Project("{9A19103F-16F7-4668-BE54-9A1E7A4F7556}") = "Du.Presentation", "Framework\Du.Presentation\Du.Presentation.csproj", "{7855111D-7BC9-4BFC-85B7-F72225FC649D}"
EndProject
Project("{9A19103F-16F7-4668-BE54-9A1E7A4F7556}") = "Du.WpfLib", "Framework\Du.WpfLib\Du.WpfLib.csproj", "{1673169B-1B35-4DBB-8305-7BB98CB7EFB2}"
EndProject
Project("{9A19103F-16F7-4668-BE54-9A1E7A4F7556}") = "Du.Excel", "Framework\Du.Excel\Du.Excel.csproj", "{BA1E749C-D485-4892-AC2E-CEFA670AF6AC}"
EndProject
Project("{2150E333-8FDC-42A3-9474-1A3956D46DE8}") = "CutEditor", "CutEditor", "{B714CE6B-4099-44F0-BDE8-3DB6A8D00AE1}"
EndProject
Project("{9A19103F-16F7-4668-BE54-9A1E7A4F7556}") = "CutEditor.Model", "CutEditor\CutEditor.Model\CutEditor.Model.csproj", "{163609DB-422F-4042-B228-AD38171C36C2}"
EndProject
Project("{9A19103F-16F7-4668-BE54-9A1E7A4F7556}") = "CutEditor.ViewModel", "CutEditor\CutEditor.ViewModel\CutEditor.ViewModel.csproj", "{A5E3ED04-74F3-4945-A0CF-3C6DA139E9C1}"
EndProject
Project("{9A19103F-16F7-4668-BE54-9A1E7A4F7556}") = "CutEditor", "CutEditor\CutEditor\CutEditor.csproj", "{BDF04800-3359-4577-8781-5E01D9B64186}"
EndProject
Project("{2150E333-8FDC-42A3-9474-1A3956D46DE8}") = "Binder", "Binder", "{C06D4D06-2489-4E0C-B335-B194B187AE69}"
EndProject
Project("{9A19103F-16F7-4668-BE54-9A1E7A4F7556}") = "Binder.ViewModel", "Binder\Binder.ViewModel\Binder.ViewModel.csproj", "{8227E970-66D5-4C32-B28D-2F63DC86C067}"
EndProject
Project("{9A19103F-16F7-4668-BE54-9A1E7A4F7556}") = "Binder.Model", "Binder\Binder.Model\Binder.Model.csproj", "{26314572-763A-4C0D-A8BE-87671A284784}"
EndProject
Project("{9A19103F-16F7-4668-BE54-9A1E7A4F7556}") = "Binder", "Binder\Binder\Binder.csproj", "{41C7ABDF-647D-4A72-888F-7865F5D04F9B}"
EndProject
Project("{2150E333-8FDC-42A3-9474-1A3956D46DE8}") = "Shared", "Shared", "{F969F208-BE98-4966-83A3-463F30C04C57}"
EndProject
Project("{9A19103F-16F7-4668-BE54-9A1E7A4F7556}") = "Shared.Templet", "Shared\Shared.Templet\Shared.Templet.csproj", "{51FD6DF6-9A83-4286-A379-BAE99DA114FC}"
EndProject
Global
	GlobalSection(SolutionConfigurationPlatforms) = preSolution
		Debug|Any CPU = Debug|Any CPU
		Release|Any CPU = Release|Any CPU
	EndGlobalSection
	GlobalSection(ProjectConfigurationPlatforms) = postSolution
		{E3C903FB-459E-4368-B067-719C70D3DE1D}.Debug|Any CPU.ActiveCfg = Debug|Any CPU
		{E3C903FB-459E-4368-B067-719C70D3DE1D}.Debug|Any CPU.Build.0 = Debug|Any CPU
		{E3C903FB-459E-4368-B067-719C70D3DE1D}.Release|Any CPU.ActiveCfg = Release|Any CPU
		{E3C903FB-459E-4368-B067-719C70D3DE1D}.Release|Any CPU.Build.0 = Release|Any CPU
		{7855111D-7BC9-4BFC-85B7-F72225FC649D}.Debug|Any CPU.ActiveCfg = Debug|Any CPU
		{7855111D-7BC9-4BFC-85B7-F72225FC649D}.Debug|Any CPU.Build.0 = Debug|Any CPU
		{7855111D-7BC9-4BFC-85B7-F72225FC649D}.Release|Any CPU.ActiveCfg = Release|Any CPU
		{7855111D-7BC9-4BFC-85B7-F72225FC649D}.Release|Any CPU.Build.0 = Release|Any CPU
		{1673169B-1B35-4DBB-8305-7BB98CB7EFB2}.Debug|Any CPU.ActiveCfg = Debug|Any CPU
		{1673169B-1B35-4DBB-8305-7BB98CB7EFB2}.Debug|Any CPU.Build.0 = Debug|Any CPU
		{1673169B-1B35-4DBB-8305-7BB98CB7EFB2}.Release|Any CPU.ActiveCfg = Release|Any CPU
		{1673169B-1B35-4DBB-8305-7BB98CB7EFB2}.Release|Any CPU.Build.0 = Release|Any CPU
		{BA1E749C-D485-4892-AC2E-CEFA670AF6AC}.Debug|Any CPU.ActiveCfg = Debug|Any CPU
		{BA1E749C-D485-4892-AC2E-CEFA670AF6AC}.Debug|Any CPU.Build.0 = Debug|Any CPU
		{BA1E749C-D485-4892-AC2E-CEFA670AF6AC}.Release|Any CPU.ActiveCfg = Release|Any CPU
		{BA1E749C-D485-4892-AC2E-CEFA670AF6AC}.Release|Any CPU.Build.0 = Release|Any CPU
		{163609DB-422F-4042-B228-AD38171C36C2}.Debug|Any CPU.ActiveCfg = Debug|Any CPU
		{163609DB-422F-4042-B228-AD38171C36C2}.Debug|Any CPU.Build.0 = Debug|Any CPU
		{163609DB-422F-4042-B228-AD38171C36C2}.Release|Any CPU.ActiveCfg = Release|Any CPU
		{163609DB-422F-4042-B228-AD38171C36C2}.Release|Any CPU.Build.0 = Release|Any CPU
		{A5E3ED04-74F3-4945-A0CF-3C6DA139E9C1}.Debug|Any CPU.ActiveCfg = Debug|Any CPU
		{A5E3ED04-74F3-4945-A0CF-3C6DA139E9C1}.Debug|Any CPU.Build.0 = Debug|Any CPU
		{A5E3ED04-74F3-4945-A0CF-3C6DA139E9C1}.Release|Any CPU.ActiveCfg = Release|Any CPU
		{A5E3ED04-74F3-4945-A0CF-3C6DA139E9C1}.Release|Any CPU.Build.0 = Release|Any CPU
		{BDF04800-3359-4577-8781-5E01D9B64186}.Debug|Any CPU.ActiveCfg = Debug|Any CPU
		{BDF04800-3359-4577-8781-5E01D9B64186}.Debug|Any CPU.Build.0 = Debug|Any CPU
		{BDF04800-3359-4577-8781-5E01D9B64186}.Release|Any CPU.ActiveCfg = Release|Any CPU
		{BDF04800-3359-4577-8781-5E01D9B64186}.Release|Any CPU.Build.0 = Release|Any CPU
		{8227E970-66D5-4C32-B28D-2F63DC86C067}.Debug|Any CPU.ActiveCfg = Debug|Any CPU
		{8227E970-66D5-4C32-B28D-2F63DC86C067}.Debug|Any CPU.Build.0 = Debug|Any CPU
		{8227E970-66D5-4C32-B28D-2F63DC86C067}.Release|Any CPU.ActiveCfg = Release|Any CPU
		{8227E970-66D5-4C32-B28D-2F63DC86C067}.Release|Any CPU.Build.0 = Release|Any CPU
		{26314572-763A-4C0D-A8BE-87671A284784}.Debug|Any CPU.ActiveCfg = Debug|Any CPU
		{26314572-763A-4C0D-A8BE-87671A284784}.Debug|Any CPU.Build.0 = Debug|Any CPU
		{26314572-763A-4C0D-A8BE-87671A284784}.Release|Any CPU.ActiveCfg = Release|Any CPU
		{26314572-763A-4C0D-A8BE-87671A284784}.Release|Any CPU.Build.0 = Release|Any CPU
		{41C7ABDF-647D-4A72-888F-7865F5D04F9B}.Debug|Any CPU.ActiveCfg = Debug|Any CPU
		{41C7ABDF-647D-4A72-888F-7865F5D04F9B}.Debug|Any CPU.Build.0 = Debug|Any CPU
		{41C7ABDF-647D-4A72-888F-7865F5D04F9B}.Release|Any CPU.ActiveCfg = Release|Any CPU
		{41C7ABDF-647D-4A72-888F-7865F5D04F9B}.Release|Any CPU.Build.0 = Release|Any CPU
		{51FD6DF6-9A83-4286-A379-BAE99DA114FC}.Debug|Any CPU.ActiveCfg = Debug|Any CPU
		{51FD6DF6-9A83-4286-A379-BAE99DA114FC}.Debug|Any CPU.Build.0 = Debug|Any CPU
		{51FD6DF6-9A83-4286-A379-BAE99DA114FC}.Release|Any CPU.ActiveCfg = Release|Any CPU
		{51FD6DF6-9A83-4286-A379-BAE99DA114FC}.Release|Any CPU.Build.0 = Release|Any CPU
	EndGlobalSection
	GlobalSection(SolutionProperties) = preSolution
		HideSolutionNode = FALSE
	EndGlobalSection
	GlobalSection(NestedProjects) = preSolution
		{E3C903FB-459E-4368-B067-719C70D3DE1D} = {9A98F4CB-7468-401F-A07C-1BAB84CD7D3C}
		{7855111D-7BC9-4BFC-85B7-F72225FC649D} = {9A98F4CB-7468-401F-A07C-1BAB84CD7D3C}
		{1673169B-1B35-4DBB-8305-7BB98CB7EFB2} = {9A98F4CB-7468-401F-A07C-1BAB84CD7D3C}
		{BA1E749C-D485-4892-AC2E-CEFA670AF6AC} = {9A98F4CB-7468-401F-A07C-1BAB84CD7D3C}
		{163609DB-422F-4042-B228-AD38171C36C2} = {B714CE6B-4099-44F0-BDE8-3DB6A8D00AE1}
		{A5E3ED04-74F3-4945-A0CF-3C6DA139E9C1} = {B714CE6B-4099-44F0-BDE8-3DB6A8D00AE1}
		{BDF04800-3359-4577-8781-5E01D9B64186} = {B714CE6B-4099-44F0-BDE8-3DB6A8D00AE1}
		{8227E970-66D5-4C32-B28D-2F63DC86C067} = {C06D4D06-2489-4E0C-B335-B194B187AE69}
		{26314572-763A-4C0D-A8BE-87671A284784} = {C06D4D06-2489-4E0C-B335-B194B187AE69}
		{41C7ABDF-647D-4A72-888F-7865F5D04F9B} = {C06D4D06-2489-4E0C-B335-B194B187AE69}
		{51FD6DF6-9A83-4286-A379-BAE99DA114FC} = {F969F208-BE98-4966-83A3-463F30C04C57}
	EndGlobalSection
	GlobalSection(ExtensibilityGlobals) = postSolution
		SolutionGuid = {A8403C17-C9EC-44BC-A621-AC23FBB083EB}
	EndGlobalSection
EndGlobal
