
Microsoft Visual Studio Solution File, Format Version 12.00
# Visual Studio Version 17
VisualStudioVersion = 17.11.35222.181
MinimumVisualStudioVersion = 10.0.40219.1
Project("{9A19103F-16F7-4668-BE54-9A1E7A4F7556}") = "Binder", "Binder\Binder.csproj", "{3605B15A-7F3E-40F8-86AD-902D8871DC6E}"
EndProject
Project("{9A19103F-16F7-4668-BE54-9A1E7A4F7556}") = "Du.Core", "Framework\Du.Core\Du.Core.csproj", "{E3C903FB-459E-4368-B067-719C70D3DE1D}"
EndProject
Project("{9A19103F-16F7-4668-BE54-9A1E7A4F7556}") = "Binder.ViewModel", "Binder.ViewModel\Binder.ViewModel.csproj", "{D8401A60-B916-4906-A389-AD1BC3EA5E5A}"
EndProject
Project("{9A19103F-16F7-4668-BE54-9A1E7A4F7556}") = "Binder.Model", "Binder.Model\Binder.Model.csproj", "{7A8A05EA-BDAE-40DF-AFDC-14E4E37BDB79}"
EndProject
Project("{2150E333-8FDC-42A3-9474-1A3956D46DE8}") = "Framework", "Framework", "{9A98F4CB-7468-401F-A07C-1BAB84CD7D3C}"
EndProject
Project("{9A19103F-16F7-4668-BE54-9A1E7A4F7556}") = "Du.Presentation", "Framework\Du.Presentation\Du.Presentation.csproj", "{7855111D-7BC9-4BFC-85B7-F72225FC649D}"
EndProject
Project("{FAE04EC0-301F-11D3-BF4B-00C04F79EFBC}") = "Du.WpfLib", "Framework\Du.WpfLib\Du.WpfLib.csproj", "{1673169B-1B35-4DBB-8305-7BB98CB7EFB2}"
EndProject
Global
	GlobalSection(SolutionConfigurationPlatforms) = preSolution
		Debug|Any CPU = Debug|Any CPU
		Release|Any CPU = Release|Any CPU
	EndGlobalSection
	GlobalSection(ProjectConfigurationPlatforms) = postSolution
		{3605B15A-7F3E-40F8-86AD-902D8871DC6E}.Debug|Any CPU.ActiveCfg = Debug|Any CPU
		{3605B15A-7F3E-40F8-86AD-902D8871DC6E}.Debug|Any CPU.Build.0 = Debug|Any CPU
		{3605B15A-7F3E-40F8-86AD-902D8871DC6E}.Release|Any CPU.ActiveCfg = Release|Any CPU
		{3605B15A-7F3E-40F8-86AD-902D8871DC6E}.Release|Any CPU.Build.0 = Release|Any CPU
		{E3C903FB-459E-4368-B067-719C70D3DE1D}.Debug|Any CPU.ActiveCfg = Debug|Any CPU
		{E3C903FB-459E-4368-B067-719C70D3DE1D}.Debug|Any CPU.Build.0 = Debug|Any CPU
		{E3C903FB-459E-4368-B067-719C70D3DE1D}.Release|Any CPU.ActiveCfg = Release|Any CPU
		{E3C903FB-459E-4368-B067-719C70D3DE1D}.Release|Any CPU.Build.0 = Release|Any CPU
		{D8401A60-B916-4906-A389-AD1BC3EA5E5A}.Debug|Any CPU.ActiveCfg = Debug|Any CPU
		{D8401A60-B916-4906-A389-AD1BC3EA5E5A}.Debug|Any CPU.Build.0 = Debug|Any CPU
		{D8401A60-B916-4906-A389-AD1BC3EA5E5A}.Release|Any CPU.ActiveCfg = Release|Any CPU
		{D8401A60-B916-4906-A389-AD1BC3EA5E5A}.Release|Any CPU.Build.0 = Release|Any CPU
		{7A8A05EA-BDAE-40DF-AFDC-14E4E37BDB79}.Debug|Any CPU.ActiveCfg = Debug|Any CPU
		{7A8A05EA-BDAE-40DF-AFDC-14E4E37BDB79}.Debug|Any CPU.Build.0 = Debug|Any CPU
		{7A8A05EA-BDAE-40DF-AFDC-14E4E37BDB79}.Release|Any CPU.ActiveCfg = Release|Any CPU
		{7A8A05EA-BDAE-40DF-AFDC-14E4E37BDB79}.Release|Any CPU.Build.0 = Release|Any CPU
		{7855111D-7BC9-4BFC-85B7-F72225FC649D}.Debug|Any CPU.ActiveCfg = Debug|Any CPU
		{7855111D-7BC9-4BFC-85B7-F72225FC649D}.Debug|Any CPU.Build.0 = Debug|Any CPU
		{7855111D-7BC9-4BFC-85B7-F72225FC649D}.Release|Any CPU.ActiveCfg = Release|Any CPU
		{7855111D-7BC9-4BFC-85B7-F72225FC649D}.Release|Any CPU.Build.0 = Release|Any CPU
		{1673169B-1B35-4DBB-8305-7BB98CB7EFB2}.Debug|Any CPU.ActiveCfg = Debug|Any CPU
		{1673169B-1B35-4DBB-8305-7BB98CB7EFB2}.Debug|Any CPU.Build.0 = Debug|Any CPU
		{1673169B-1B35-4DBB-8305-7BB98CB7EFB2}.Release|Any CPU.ActiveCfg = Release|Any CPU
		{1673169B-1B35-4DBB-8305-7BB98CB7EFB2}.Release|Any CPU.Build.0 = Release|Any CPU
	EndGlobalSection
	GlobalSection(SolutionProperties) = preSolution
		HideSolutionNode = FALSE
	EndGlobalSection
	GlobalSection(NestedProjects) = preSolution
		{E3C903FB-459E-4368-B067-719C70D3DE1D} = {9A98F4CB-7468-401F-A07C-1BAB84CD7D3C}
		{7855111D-7BC9-4BFC-85B7-F72225FC649D} = {9A98F4CB-7468-401F-A07C-1BAB84CD7D3C}
		{1673169B-1B35-4DBB-8305-7BB98CB7EFB2} = {9A98F4CB-7468-401F-A07C-1BAB84CD7D3C}
	EndGlobalSection
	GlobalSection(ExtensibilityGlobals) = postSolution
		SolutionGuid = {A8403C17-C9EC-44BC-A621-AC23FBB083EB}
	EndGlobalSection
EndGlobal
