
Microsoft Visual Studio Solution File, Format Version 12.00
# Visual Studio Version 17
VisualStudioVersion = 17.5.002.0
MinimumVisualStudioVersion = 10.0.40219.1
Project("{9A19103F-16F7-4668-BE54-9A1E7A4F7556}") = "Cs.Logging", "Cs.Logging\Cs.Logging.csproj", "{7BB928A5-35F4-4E4E-A4A0-76AB8534DCAF}"
EndProject
Global
	GlobalSection(SolutionConfigurationPlatforms) = preSolution
		Debug|Any CPU = Debug|Any CPU
		Release|Any CPU = Release|Any CPU
	EndGlobalSection
	GlobalSection(ProjectConfigurationPlatforms) = postSolution
		{7BB928A5-35F4-4E4E-A4A0-76AB8534DCAF}.Debug|Any CPU.ActiveCfg = Debug|Any CPU
		{7BB928A5-35F4-4E4E-A4A0-76AB8534DCAF}.Debug|Any CPU.Build.0 = Debug|Any CPU
		{7BB928A5-35F4-4E4E-A4A0-76AB8534DCAF}.Release|Any CPU.ActiveCfg = Release|Any CPU
		{7BB928A5-35F4-4E4E-A4A0-76AB8534DCAF}.Release|Any CPU.Build.0 = Release|Any CPU
	EndGlobalSection
	GlobalSection(SolutionProperties) = preSolution
		HideSolutionNode = FALSE
	EndGlobalSection
	GlobalSection(ExtensibilityGlobals) = postSolution
		SolutionGuid = {9AF6D16B-AA70-42FB-BC55-BE2E4E5406C3}
	EndGlobalSection
EndGlobal
