
Microsoft Visual Studio Solution File, Format Version 12.00
# Visual Studio Version 17
VisualStudioVersion = 17.5.002.0
MinimumVisualStudioVersion = 10.0.40219.1
Project("{9A19103F-16F7-4668-BE54-9A1E7A4F7556}") = "Cs.Logging", "Engine\Cs.Logging\Cs.Logging.csproj", "{7BB928A5-35F4-4E4E-A4A0-76AB8534DCAF}"
EndProject
Project("{9A19103F-16F7-4668-BE54-9A1E7A4F7556}") = "Cs.Core", "Engine\Cs.Core\Cs.Core.csproj", "{59102B6E-9E6E-4427-8CCC-4AAC28394C2C}"
EndProject
Project("{2150E333-8FDC-42A3-9474-1A3956D46DE8}") = "Engine", "Engine", "{B3B57015-5868-489F-AB82-CFB7D785B18A}"
EndProject
Project("{9A19103F-16F7-4668-BE54-9A1E7A4F7556}") = "Cs.Math", "Engine\Cs.Math\Cs.Math.csproj", "{8FD17FA0-C4EB-4603-BF3C-9D4B7710A184}"
EndProject
Project("{2150E333-8FDC-42A3-9474-1A3956D46DE8}") = "Test", "Test", "{18A460E8-87F9-4E59-8E9F-E22FC221DBE0}"
EndProject
Project("{9A19103F-16F7-4668-BE54-9A1E7A4F7556}") = "UnitTest.open", "Test\UnitTest\UnitTest.open.csproj", "{9BC97581-9B0E-42CC-973A-0B20E3C68A77}"
EndProject
Project("{9A19103F-16F7-4668-BE54-9A1E7A4F7556}") = "Cs.Exception", "Engine\Cs.Exception\Cs.Exception.csproj", "{CEA2D282-4FA4-4AE4-8F55-5F4C8F2D2A6E}"
EndProject
Project("{9A19103F-16F7-4668-BE54-9A1E7A4F7556}") = "Cs.HttpClient", "Engine\Cs.HttpClient\Cs.HttpClient.csproj", "{10176890-DF0F-4750-B257-4D2ED824F44C}"
EndProject
Project("{9A19103F-16F7-4668-BE54-9A1E7A4F7556}") = "Cs.Dynamic", "Engine\Cs.Dynamic\Cs.Dynamic.csproj", "{E52D0E9A-98CB-4EF7-A0D4-50E73C36C409}"
EndProject
Project("{2150E333-8FDC-42A3-9474-1A3956D46DE8}") = "Tool", "Tool", "{3C8BDD0D-6092-4AF3-82AB-A0BCBB557DE8}"
EndProject
Project("{9A19103F-16F7-4668-BE54-9A1E7A4F7556}") = "JsonMigrator", "Tool\JsonMigrator\JsonMigrator.csproj", "{99C29FBA-908F-47D0-9111-34D0CF1FFB0F}"
EndProject
Project("{9A19103F-16F7-4668-BE54-9A1E7A4F7556}") = "JsonSchemaValidator", "Tool\JsonSchemaValidator\JsonSchemaValidator.csproj", "{AF9B8612-264F-44EB-B5CC-4F7E63BDAD12}"
EndProject
Project("{9A19103F-16F7-4668-BE54-9A1E7A4F7556}") = "Cs.HttpServer", "Engine\Cs.HttpServer\Cs.HttpServer.csproj", "{809D4A8A-E8AE-42E1-B38D-69DA347D5B9F}"
EndProject
Project("{9A19103F-16F7-4668-BE54-9A1E7A4F7556}") = "Cs.Slack", "Engine\Cs.Slack\Cs.Slack.csproj", "{D5868E92-6860-4CE0-A27C-E41946ABC685}"
EndProject
Project("{9A19103F-16F7-4668-BE54-9A1E7A4F7556}") = "Cs.Antlr", "Engine\Cs.Antlr\Cs.Antlr.csproj", "{3B65240E-A510-40AE-83D4-3C34FCED550B}"
EndProject
Project("{9A19103F-16F7-4668-BE54-9A1E7A4F7556}") = "Cs.Gpt", "Engine\Cs.Gpt\Cs.Gpt.csproj", "{413E553A-D936-4C74-99EA-DF24EBEA42FC}"
EndProject
Project("{9A19103F-16F7-4668-BE54-9A1E7A4F7556}") = "Cs.Repl", "Engine\Cs.Repl\Cs.Repl.csproj", "{86CEA33D-C829-4EE0-B143-D92FB66C987B}"
EndProject
Project("{9A19103F-16F7-4668-BE54-9A1E7A4F7556}") = "SlackAssist", "Tool\SlackAssist\SlackAssist.csproj", "{5122C142-1CA4-47BC-9C16-FD3E0DD3C677}"
EndProject
Project("{FAE04EC0-301F-11D3-BF4B-00C04F79EFBC}") = "StringStorage", "Tool\StringStorage\StringStorage.csproj", "{9670CF27-C06B-4AF0-93B4-85EF603327BB}"
EndProject
Project("{FAE04EC0-301F-11D3-BF4B-00C04F79EFBC}") = "Cs.Kafka", "Engine\Cs.Kafka\Cs.Kafka.csproj", "{AE07859F-D903-4A05-9629-635227DD55DC}"
EndProject
Project("{FAE04EC0-301F-11D3-BF4B-00C04F79EFBC}") = "Cs.Cli", "Engine\Cs.Cli\Cs.Cli.csproj", "{0E248AD2-DFED-4930-8957-ADC570528C02}"
EndProject
Project("{FAE04EC0-301F-11D3-BF4B-00C04F79EFBC}") = "StarCli", "Tool\StarCli\StarCli.csproj", "{C884DAC3-065D-45BB-96F2-4E11EF3EFA06}"
EndProject
Global
	GlobalSection(SolutionConfigurationPlatforms) = preSolution
		Debug|Any CPU = Debug|Any CPU
		Release|Any CPU = Release|Any CPU
	EndGlobalSection
	GlobalSection(ProjectConfigurationPlatforms) = postSolution
		{7BB928A5-35F4-4E4E-A4A0-76AB8534DCAF}.Debug|Any CPU.ActiveCfg = Debug|Any CPU
		{7BB928A5-35F4-4E4E-A4A0-76AB8534DCAF}.Debug|Any CPU.Build.0 = Debug|Any CPU
		{7BB928A5-35F4-4E4E-A4A0-76AB8534DCAF}.Release|Any CPU.ActiveCfg = Release|Any CPU
		{7BB928A5-35F4-4E4E-A4A0-76AB8534DCAF}.Release|Any CPU.Build.0 = Release|Any CPU
		{59102B6E-9E6E-4427-8CCC-4AAC28394C2C}.Debug|Any CPU.ActiveCfg = Debug|Any CPU
		{59102B6E-9E6E-4427-8CCC-4AAC28394C2C}.Debug|Any CPU.Build.0 = Debug|Any CPU
		{59102B6E-9E6E-4427-8CCC-4AAC28394C2C}.Release|Any CPU.ActiveCfg = Release|Any CPU
		{59102B6E-9E6E-4427-8CCC-4AAC28394C2C}.Release|Any CPU.Build.0 = Release|Any CPU
		{8FD17FA0-C4EB-4603-BF3C-9D4B7710A184}.Debug|Any CPU.ActiveCfg = Debug|Any CPU
		{8FD17FA0-C4EB-4603-BF3C-9D4B7710A184}.Debug|Any CPU.Build.0 = Debug|Any CPU
		{8FD17FA0-C4EB-4603-BF3C-9D4B7710A184}.Release|Any CPU.ActiveCfg = Release|Any CPU
		{8FD17FA0-C4EB-4603-BF3C-9D4B7710A184}.Release|Any CPU.Build.0 = Release|Any CPU
		{9BC97581-9B0E-42CC-973A-0B20E3C68A77}.Debug|Any CPU.ActiveCfg = Debug|Any CPU
		{9BC97581-9B0E-42CC-973A-0B20E3C68A77}.Debug|Any CPU.Build.0 = Debug|Any CPU
		{9BC97581-9B0E-42CC-973A-0B20E3C68A77}.Release|Any CPU.ActiveCfg = Release|Any CPU
		{9BC97581-9B0E-42CC-973A-0B20E3C68A77}.Release|Any CPU.Build.0 = Release|Any CPU
		{CEA2D282-4FA4-4AE4-8F55-5F4C8F2D2A6E}.Debug|Any CPU.ActiveCfg = Debug|Any CPU
		{CEA2D282-4FA4-4AE4-8F55-5F4C8F2D2A6E}.Debug|Any CPU.Build.0 = Debug|Any CPU
		{CEA2D282-4FA4-4AE4-8F55-5F4C8F2D2A6E}.Release|Any CPU.ActiveCfg = Release|Any CPU
		{CEA2D282-4FA4-4AE4-8F55-5F4C8F2D2A6E}.Release|Any CPU.Build.0 = Release|Any CPU
		{10176890-DF0F-4750-B257-4D2ED824F44C}.Debug|Any CPU.ActiveCfg = Debug|Any CPU
		{10176890-DF0F-4750-B257-4D2ED824F44C}.Debug|Any CPU.Build.0 = Debug|Any CPU
		{10176890-DF0F-4750-B257-4D2ED824F44C}.Release|Any CPU.ActiveCfg = Release|Any CPU
		{10176890-DF0F-4750-B257-4D2ED824F44C}.Release|Any CPU.Build.0 = Release|Any CPU
		{E52D0E9A-98CB-4EF7-A0D4-50E73C36C409}.Debug|Any CPU.ActiveCfg = Debug|Any CPU
		{E52D0E9A-98CB-4EF7-A0D4-50E73C36C409}.Debug|Any CPU.Build.0 = Debug|Any CPU
		{E52D0E9A-98CB-4EF7-A0D4-50E73C36C409}.Release|Any CPU.ActiveCfg = Release|Any CPU
		{E52D0E9A-98CB-4EF7-A0D4-50E73C36C409}.Release|Any CPU.Build.0 = Release|Any CPU
		{99C29FBA-908F-47D0-9111-34D0CF1FFB0F}.Debug|Any CPU.ActiveCfg = Debug|Any CPU
		{99C29FBA-908F-47D0-9111-34D0CF1FFB0F}.Debug|Any CPU.Build.0 = Debug|Any CPU
		{99C29FBA-908F-47D0-9111-34D0CF1FFB0F}.Release|Any CPU.ActiveCfg = Release|Any CPU
		{99C29FBA-908F-47D0-9111-34D0CF1FFB0F}.Release|Any CPU.Build.0 = Release|Any CPU
		{AF9B8612-264F-44EB-B5CC-4F7E63BDAD12}.Debug|Any CPU.ActiveCfg = Debug|Any CPU
		{AF9B8612-264F-44EB-B5CC-4F7E63BDAD12}.Debug|Any CPU.Build.0 = Debug|Any CPU
		{AF9B8612-264F-44EB-B5CC-4F7E63BDAD12}.Release|Any CPU.ActiveCfg = Release|Any CPU
		{AF9B8612-264F-44EB-B5CC-4F7E63BDAD12}.Release|Any CPU.Build.0 = Release|Any CPU
		{809D4A8A-E8AE-42E1-B38D-69DA347D5B9F}.Debug|Any CPU.ActiveCfg = Debug|Any CPU
		{809D4A8A-E8AE-42E1-B38D-69DA347D5B9F}.Debug|Any CPU.Build.0 = Debug|Any CPU
		{809D4A8A-E8AE-42E1-B38D-69DA347D5B9F}.Release|Any CPU.ActiveCfg = Release|Any CPU
		{809D4A8A-E8AE-42E1-B38D-69DA347D5B9F}.Release|Any CPU.Build.0 = Release|Any CPU
		{D5868E92-6860-4CE0-A27C-E41946ABC685}.Debug|Any CPU.ActiveCfg = Debug|Any CPU
		{D5868E92-6860-4CE0-A27C-E41946ABC685}.Debug|Any CPU.Build.0 = Debug|Any CPU
		{D5868E92-6860-4CE0-A27C-E41946ABC685}.Release|Any CPU.ActiveCfg = Release|Any CPU
		{D5868E92-6860-4CE0-A27C-E41946ABC685}.Release|Any CPU.Build.0 = Release|Any CPU
		{3B65240E-A510-40AE-83D4-3C34FCED550B}.Debug|Any CPU.ActiveCfg = Debug|Any CPU
		{3B65240E-A510-40AE-83D4-3C34FCED550B}.Debug|Any CPU.Build.0 = Debug|Any CPU
		{3B65240E-A510-40AE-83D4-3C34FCED550B}.Release|Any CPU.ActiveCfg = Release|Any CPU
		{3B65240E-A510-40AE-83D4-3C34FCED550B}.Release|Any CPU.Build.0 = Release|Any CPU
		{413E553A-D936-4C74-99EA-DF24EBEA42FC}.Debug|Any CPU.ActiveCfg = Debug|Any CPU
		{413E553A-D936-4C74-99EA-DF24EBEA42FC}.Debug|Any CPU.Build.0 = Debug|Any CPU
		{413E553A-D936-4C74-99EA-DF24EBEA42FC}.Release|Any CPU.ActiveCfg = Release|Any CPU
		{413E553A-D936-4C74-99EA-DF24EBEA42FC}.Release|Any CPU.Build.0 = Release|Any CPU
		{86CEA33D-C829-4EE0-B143-D92FB66C987B}.Debug|Any CPU.ActiveCfg = Debug|Any CPU
		{86CEA33D-C829-4EE0-B143-D92FB66C987B}.Debug|Any CPU.Build.0 = Debug|Any CPU
		{86CEA33D-C829-4EE0-B143-D92FB66C987B}.Release|Any CPU.ActiveCfg = Release|Any CPU
		{86CEA33D-C829-4EE0-B143-D92FB66C987B}.Release|Any CPU.Build.0 = Release|Any CPU
		{5122C142-1CA4-47BC-9C16-FD3E0DD3C677}.Debug|Any CPU.ActiveCfg = Debug|Any CPU
		{5122C142-1CA4-47BC-9C16-FD3E0DD3C677}.Debug|Any CPU.Build.0 = Debug|Any CPU
		{5122C142-1CA4-47BC-9C16-FD3E0DD3C677}.Release|Any CPU.ActiveCfg = Release|Any CPU
		{5122C142-1CA4-47BC-9C16-FD3E0DD3C677}.Release|Any CPU.Build.0 = Release|Any CPU
		{9670CF27-C06B-4AF0-93B4-85EF603327BB}.Debug|Any CPU.ActiveCfg = Debug|Any CPU
		{9670CF27-C06B-4AF0-93B4-85EF603327BB}.Debug|Any CPU.Build.0 = Debug|Any CPU
		{9670CF27-C06B-4AF0-93B4-85EF603327BB}.Release|Any CPU.ActiveCfg = Release|Any CPU
		{9670CF27-C06B-4AF0-93B4-85EF603327BB}.Release|Any CPU.Build.0 = Release|Any CPU
		{AE07859F-D903-4A05-9629-635227DD55DC}.Debug|Any CPU.ActiveCfg = Debug|Any CPU
		{AE07859F-D903-4A05-9629-635227DD55DC}.Debug|Any CPU.Build.0 = Debug|Any CPU
		{AE07859F-D903-4A05-9629-635227DD55DC}.Release|Any CPU.ActiveCfg = Release|Any CPU
		{AE07859F-D903-4A05-9629-635227DD55DC}.Release|Any CPU.Build.0 = Release|Any CPU
		{0E248AD2-DFED-4930-8957-ADC570528C02}.Debug|Any CPU.ActiveCfg = Debug|Any CPU
		{0E248AD2-DFED-4930-8957-ADC570528C02}.Debug|Any CPU.Build.0 = Debug|Any CPU
		{0E248AD2-DFED-4930-8957-ADC570528C02}.Release|Any CPU.ActiveCfg = Release|Any CPU
		{0E248AD2-DFED-4930-8957-ADC570528C02}.Release|Any CPU.Build.0 = Release|Any CPU
		{C884DAC3-065D-45BB-96F2-4E11EF3EFA06}.Debug|Any CPU.ActiveCfg = Debug|Any CPU
		{C884DAC3-065D-45BB-96F2-4E11EF3EFA06}.Debug|Any CPU.Build.0 = Debug|Any CPU
		{C884DAC3-065D-45BB-96F2-4E11EF3EFA06}.Release|Any CPU.ActiveCfg = Release|Any CPU
		{C884DAC3-065D-45BB-96F2-4E11EF3EFA06}.Release|Any CPU.Build.0 = Release|Any CPU
	EndGlobalSection
	GlobalSection(SolutionProperties) = preSolution
		HideSolutionNode = FALSE
	EndGlobalSection
	GlobalSection(NestedProjects) = preSolution
		{7BB928A5-35F4-4E4E-A4A0-76AB8534DCAF} = {B3B57015-5868-489F-AB82-CFB7D785B18A}
		{59102B6E-9E6E-4427-8CCC-4AAC28394C2C} = {B3B57015-5868-489F-AB82-CFB7D785B18A}
		{8FD17FA0-C4EB-4603-BF3C-9D4B7710A184} = {B3B57015-5868-489F-AB82-CFB7D785B18A}
		{9BC97581-9B0E-42CC-973A-0B20E3C68A77} = {18A460E8-87F9-4E59-8E9F-E22FC221DBE0}
		{CEA2D282-4FA4-4AE4-8F55-5F4C8F2D2A6E} = {B3B57015-5868-489F-AB82-CFB7D785B18A}
		{10176890-DF0F-4750-B257-4D2ED824F44C} = {B3B57015-5868-489F-AB82-CFB7D785B18A}
		{E52D0E9A-98CB-4EF7-A0D4-50E73C36C409} = {B3B57015-5868-489F-AB82-CFB7D785B18A}
		{99C29FBA-908F-47D0-9111-34D0CF1FFB0F} = {3C8BDD0D-6092-4AF3-82AB-A0BCBB557DE8}
		{AF9B8612-264F-44EB-B5CC-4F7E63BDAD12} = {3C8BDD0D-6092-4AF3-82AB-A0BCBB557DE8}
		{809D4A8A-E8AE-42E1-B38D-69DA347D5B9F} = {B3B57015-5868-489F-AB82-CFB7D785B18A}
		{D5868E92-6860-4CE0-A27C-E41946ABC685} = {B3B57015-5868-489F-AB82-CFB7D785B18A}
		{3B65240E-A510-40AE-83D4-3C34FCED550B} = {B3B57015-5868-489F-AB82-CFB7D785B18A}
		{413E553A-D936-4C74-99EA-DF24EBEA42FC} = {B3B57015-5868-489F-AB82-CFB7D785B18A}
		{86CEA33D-C829-4EE0-B143-D92FB66C987B} = {B3B57015-5868-489F-AB82-CFB7D785B18A}
		{5122C142-1CA4-47BC-9C16-FD3E0DD3C677} = {3C8BDD0D-6092-4AF3-82AB-A0BCBB557DE8}
		{9670CF27-C06B-4AF0-93B4-85EF603327BB} = {3C8BDD0D-6092-4AF3-82AB-A0BCBB557DE8}
		{AE07859F-D903-4A05-9629-635227DD55DC} = {B3B57015-5868-489F-AB82-CFB7D785B18A}
		{0E248AD2-DFED-4930-8957-ADC570528C02} = {B3B57015-5868-489F-AB82-CFB7D785B18A}
		{C884DAC3-065D-45BB-96F2-4E11EF3EFA06} = {3C8BDD0D-6092-4AF3-82AB-A0BCBB557DE8}
	EndGlobalSection
	GlobalSection(ExtensibilityGlobals) = postSolution
		SolutionGuid = {9AF6D16B-AA70-42FB-BC55-BE2E4E5406C3}
	EndGlobalSection
EndGlobal
