Microsoft Visual Studio Solution File, Format Version 12.00
# Visual Studio Version 17
VisualStudioVersion = 17.5.2.0
MinimumVisualStudioVersion = 10.0.40219.1
Project("{FAE04EC0-301F-11D3-BF4B-00C04F79EFBC}") = "StarCli", "StarCli.csproj", "{68202113-7F42-69A0-D666-24E07A5E0993}"
EndProject
Project("{2150E333-8FDC-42A3-9474-1A3956D46DE8}") = "Dependencies", "Dependencies", "{DB65DFF1-5EFB-4B21-8C11-1B1C9E317735}"
EndProject
Project("{FAE04EC0-301F-11D3-BF4B-00C04F79EFBC}") = "Cs.Kafka", "..\..\Engine\Cs.Kafka\Cs.Kafka.csproj", "{EF89F012-7F39-49B0-AD96-73D194DA9B28}"
EndProject
Project("{FAE04EC0-301F-11D3-BF4B-00C04F79EFBC}") = "Cs.Cli", "..\..\Engine\Cs.Cli\Cs.Cli.csproj", "{F753CC36-E831-4F7F-A6CC-63BDB68FD332}"
EndProject
Global
	GlobalSection(SolutionConfigurationPlatforms) = preSolution
		Debug|Any CPU = Debug|Any CPU
		Release|Any CPU = Release|Any CPU
	EndGlobalSection
	GlobalSection(ProjectConfigurationPlatforms) = postSolution
		{68202113-7F42-69A0-D666-24E07A5E0993}.Debug|Any CPU.ActiveCfg = Debug|Any CPU
		{68202113-7F42-69A0-D666-24E07A5E0993}.Debug|Any CPU.Build.0 = Debug|Any CPU
		{68202113-7F42-69A0-D666-24E07A5E0993}.Release|Any CPU.ActiveCfg = Release|Any CPU
		{68202113-7F42-69A0-D666-24E07A5E0993}.Release|Any CPU.Build.0 = Release|Any CPU
		{EF89F012-7F39-49B0-AD96-73D194DA9B28}.Debug|Any CPU.ActiveCfg = Debug|Any CPU
		{EF89F012-7F39-49B0-AD96-73D194DA9B28}.Debug|Any CPU.Build.0 = Debug|Any CPU
		{EF89F012-7F39-49B0-AD96-73D194DA9B28}.Release|Any CPU.ActiveCfg = Release|Any CPU
		{EF89F012-7F39-49B0-AD96-73D194DA9B28}.Release|Any CPU.Build.0 = Release|Any CPU
		{F753CC36-E831-4F7F-A6CC-63BDB68FD332}.Debug|Any CPU.ActiveCfg = Debug|Any CPU
		{F753CC36-E831-4F7F-A6CC-63BDB68FD332}.Debug|Any CPU.Build.0 = Debug|Any CPU
		{F753CC36-E831-4F7F-A6CC-63BDB68FD332}.Release|Any CPU.ActiveCfg = Release|Any CPU
		{F753CC36-E831-4F7F-A6CC-63BDB68FD332}.Release|Any CPU.Build.0 = Release|Any CPU
	EndGlobalSection
	GlobalSection(SolutionProperties) = preSolution
		HideSolutionNode = FALSE
	EndGlobalSection
	GlobalSection(NestedProjects) = preSolution
		{EF89F012-7F39-49B0-AD96-73D194DA9B28} = {DB65DFF1-5EFB-4B21-8C11-1B1C9E317735}
		{F753CC36-E831-4F7F-A6CC-63BDB68FD332} = {DB65DFF1-5EFB-4B21-8C11-1B1C9E317735}
	EndGlobalSection
	GlobalSection(ExtensibilityGlobals) = postSolution
		SolutionGuid = {18AE0D29-22D0-4AB6-ACDA-37F5A3B7AA85}
	EndGlobalSection
EndGlobal
